// !$*UTF8*$!
{
	archiveVersion = 1;
	classes = {
	};
	objectVersion = 46;
	objects = {

/* Begin PBXBuildFile section */
		D8B578881CCAA30000B9CA48 /* AppDelegate.swift in Sources */ = {isa = PBXBuildFile; fileRef = D8B578871CCAA30000B9CA48 /* AppDelegate.swift */; };
		D8B5788A1CCAA30000B9CA48 /* ViewController.swift in Sources */ = {isa = PBXBuildFile; fileRef = D8B578891CCAA30000B9CA48 /* ViewController.swift */; };
		D8B5788D1CCAA30000B9CA48 /* Main.storyboard in Resources */ = {isa = PBXBuildFile; fileRef = D8B5788B1CCAA30000B9CA48 /* Main.storyboard */; };
		D8B5788F1CCAA30000B9CA48 /* Assets.xcassets in Resources */ = {isa = PBXBuildFile; fileRef = D8B5788E1CCAA30000B9CA48 /* Assets.xcassets */; };
		D8B578921CCAA30000B9CA48 /* LaunchScreen.storyboard in Resources */ = {isa = PBXBuildFile; fileRef = D8B578901CCAA30000B9CA48 /* LaunchScreen.storyboard */; };
		D8B5789A1CCAAA7500B9CA48 /* TableViewController.swift in Sources */ = {isa = PBXBuildFile; fileRef = D8B578991CCAAA7500B9CA48 /* TableViewController.swift */; };
		D8B5789C1CCAB03200B9CA48 /* CoreLocation.framework in Frameworks */ = {isa = PBXBuildFile; fileRef = D8B5789B1CCAB03200B9CA48 /* CoreLocation.framework */; };
/* End PBXBuildFile section */

/* Begin PBXFileReference section */
		D8B578841CCAA30000B9CA48 /* favouritePlaces.app */ = {isa = PBXFileReference; explicitFileType = wrapper.application; includeInIndex = 0; path = favouritePlaces.app; sourceTree = BUILT_PRODUCTS_DIR; };
		D8B578871CCAA30000B9CA48 /* AppDelegate.swift */ = {isa = PBXFileReference; lastKnownFileType = sourcecode.swift; path = AppDelegate.swift; sourceTree = "<group>"; };
		D8B578891CCAA30000B9CA48 /* ViewController.swift */ = {isa = PBXFileReference; lastKnownFileType = sourcecode.swift; path = ViewController.swift; sourceTree = "<group>"; };
		D8B5788C1CCAA30000B9CA48 /* Base */ = {isa = PBXFileReference; lastKnownFileType = file.storyboard; name = Base; path = Base.lproj/Main.storyboard; sourceTree = "<group>"; };
		D8B5788E1CCAA30000B9CA48 /* Assets.xcassets */ = {isa = PBXFileReference; lastKnownFileType = folder.assetcatalog; path = Assets.xcassets; sourceTree = "<group>"; };
		D8B578911CCAA30000B9CA48 /* Base */ = {isa = PBXFileReference; lastKnownFileType = file.storyboard; name = Base; path = Base.lproj/LaunchScreen.storyboard; sourceTree = "<group>"; };
		D8B578931CCAA30000B9CA48 /* Info.plist */ = {isa = PBXFileReference; lastKnownFileType = text.plist.xml; path = Info.plist; sourceTree = "<group>"; };
		D8B578991CCAAA7500B9CA48 /* TableViewController.swift */ = {isa = PBXFileReference; fileEncoding = 4; lastKnownFileType = sourcecode.swift; path = TableViewController.swift; sourceTree = "<group>"; };
		D8B5789B1CCAB03200B9CA48 /* CoreLocation.framework */ = {isa = PBXFileReference; lastKnownFileType = wrapper.framework; name = CoreLocation.framework; path = System/Library/Frameworks/CoreLocation.framework; sourceTree = SDKROOT; };
/* End PBXFileReference section */

/* Begin PBXFrameworksBuildPhase section */
		D8B578811CCAA30000B9CA48 /* Frameworks */ = {
			isa = PBXFrameworksBuildPhase;
			buildActionMask = 2147483647;
			files = (
				D8B5789C1CCAB03200B9CA48 /* CoreLocation.framework in Frameworks */,
			);
			runOnlyForDeploymentPostprocessing = 0;
		};
/* End PBXFrameworksBuildPhase section */

/* Begin PBXGroup section */
		D8B5787B1CCAA30000B9CA48 = {
			isa = PBXGroup;
			children = (
				D8B5789B1CCAB03200B9CA48 /* CoreLocation.framework */,
				D8B578861CCAA30000B9CA48 /* favouritePlaces */,
				D8B578851CCAA30000B9CA48 /* Products */,
			);
			sourceTree = "<group>";
		};
		D8B578851CCAA30000B9CA48 /* Products */ = {
			isa = PBXGroup;
			children = (
				D8B578841CCAA30000B9CA48 /* favouritePlaces.app */,
			);
			name = Products;
			sourceTree = "<group>";
		};
		D8B578861CCAA30000B9CA48 /* favouritePlaces */ = {
			isa = PBXGroup;
			children = (
				D8B578871CCAA30000B9CA48 /* AppDelegate.swift */,
				D8B578891CCAA30000B9CA48 /* ViewController.swift */,
				D8B5788B1CCAA30000B9CA48 /* Main.storyboard */,
				D8B578991CCAAA7500B9CA48 /* TableViewController.swift */,
				D8B5788E1CCAA30000B9CA48 /* Assets.xcassets */,
				D8B578901CCAA30000B9CA48 /* LaunchScreen.storyboard */,
				D8B578931CCAA30000B9CA48 /* Info.plist */,
			);
			path = favouritePlaces;
			sourceTree = "<group>";
		};
/* End PBXGroup section */

/* Begin PBXNativeTarget section */
		D8B578831CCAA30000B9CA48 /* favouritePlaces */ = {
			isa = PBXNativeTarget;
			buildConfigurationList = D8B578961CCAA30000B9CA48 /* Build configuration list for PBXNativeTarget "favouritePlaces" */;
			buildPhases = (
				D8B578801CCAA30000B9CA48 /* Sources */,
				D8B578811CCAA30000B9CA48 /* Frameworks */,
				D8B578821CCAA30000B9CA48 /* Resources */,
			);
			buildRules = (
			);
			dependencies = (
			);
			name = favouritePlaces;
			productName = favouritePlaces;
			productReference = D8B578841CCAA30000B9CA48 /* favouritePlaces.app */;
			productType = "com.apple.product-type.application";
		};
/* End PBXNativeTarget section */

/* Begin PBXProject section */
		D8B5787C1CCAA30000B9CA48 /* Project object */ = {
			isa = PBXProject;
			attributes = {
				LastSwiftUpdateCheck = 0730;
				LastUpgradeCheck = 0730;
				ORGANIZATIONNAME = "Aditya Maru";
				TargetAttributes = {
					D8B578831CCAA30000B9CA48 = {
						CreatedOnToolsVersion = 7.3;
						DevelopmentTeam = XWLBE2D855;
					};
				};
			};
			buildConfigurationList = D8B5787F1CCAA30000B9CA48 /* Build configuration list for PBXProject "favouritePlaces" */;
			compatibilityVersion = "Xcode 3.2";
			developmentRegion = English;
			hasScannedForEncodings = 0;
			knownRegions = (
				en,
				Base,
			);
			mainGroup = D8B5787B1CCAA30000B9CA48;
			productRefGroup = D8B578851CCAA30000B9CA48 /* Products */;
			projectDirPath = "";
			projectRoot = "";
			targets = (
				D8B578831CCAA30000B9CA48 /* favouritePlaces */,
			);
		};
/* End PBXProject section */

/* Begin PBXResourcesBuildPhase section */
		D8B578821CCAA30000B9CA48 /* Resources */ = {
			isa = PBXResourcesBuildPhase;
			buildActionMask = 2147483647;
			files = (
				D8B578921CCAA30000B9CA48 /* LaunchScreen.storyboard in Resources */,
				D8B5788F1CCAA30000B9CA48 /* Assets.xcassets in Resources */,
				D8B5788D1CCAA30000B9CA48 /* Main.storyboard in Resources */,
			);
			runOnlyForDeploymentPostprocessing = 0;
		};
/* End PBXResourcesBuildPhase section */

/* Begin PBXSourcesBuildPhase section */
		D8B578801CCAA30000B9CA48 /* Sources */ = {
			isa = PBXSourcesBuildPhase;
			buildActionMask = 2147483647;
			files = (
				D8B5788A1CCAA30000B9CA48 /* ViewController.swift in Sources */,
				D8B5789A1CCAAA7500B9CA48 /* TableViewController.swift in Sources */,
				D8B578881CCAA30000B9CA48 /* AppDelegate.swift in Sources */,
			);
			runOnlyForDeploymentPostprocessing = 0;
		};
/* End PBXSourcesBuildPhase section */

/* Begin PBXVariantGroup section */
		D8B5788B1CCAA30000B9CA48 /* Main.storyboard */ = {
			isa = PBXVariantGroup;
			children = (
				D8B5788C1CCAA30000B9CA48 /* Base */,
			);
			name = Main.storyboard;
			sourceTree = "<group>";
		};
		D8B578901CCAA30000B9CA48 /* LaunchScreen.storyboard */ = {
			isa = PBXVariantGroup;
			children = (
				D8B578911CCAA30000B9CA48 /* Base */,
			);
			name = LaunchScreen.storyboard;
			sourceTree = "<group>";
		};
/* End PBXVariantGroup section */

/* Begin XCBuildConfiguration section */
		D8B578941CCAA30000B9CA48 /* Debug */ = {
			isa = XCBuildConfiguration;
			buildSettings = {
				ALWAYS_SEARCH_USER_PATHS = NO;
				CLANG_ANALYZER_NONNULL = YES;
				CLANG_CXX_LANGUAGE_STANDARD = "gnu++0x";
				CLANG_CXX_LIBRARY = "libc++";
				CLANG_ENABLE_MODULES = YES;
				CLANG_ENABLE_OBJC_ARC = YES;
				CLANG_WARN_BOOL_CONVERSION = YES;
				CLANG_WARN_CONSTANT_CONVERSION = YES;
				CLANG_WARN_DIRECT_OBJC_ISA_USAGE = YES_ERROR;
				CLANG_WARN_EMPTY_BODY = YES;
				CLANG_WARN_ENUM_CONVERSION = YES;
				CLANG_WARN_INT_CONVERSION = YES;
				CLANG_WARN_OBJC_ROOT_CLASS = YES_ERROR;
				CLANG_WARN_UNREACHABLE_CODE = YES;
				CLANG_WARN__DUPLICATE_METHOD_MATCH = YES;
				"CODE_SIGN_IDENTITY[sdk=iphoneos*]" = "iPhone Developer";
				COPY_PHASE_STRIP = NO;
				DEBUG_INFORMATION_FORMAT = dwarf;
				ENABLE_STRICT_OBJC_MSGSEND = YES;
				ENABLE_TESTABILITY = YES;
				GCC_C_LANGUAGE_STANDARD = gnu99;
				GCC_DYNAMIC_NO_PIC = NO;
				GCC_NO_COMMON_BLOCKS = YES;
				GCC_OPTIMIZATION_LEVEL = 0;
				GCC_PREPROCESSOR_DEFINITIONS = (
					"DEBUG=1",
					"$(inherited)",
				);
				GCC_WARN_64_TO_32_BIT_CONVERSION = YES;
				GCC_WARN_ABOUT_RETURN_TYPE = YES_ERROR;
				GCC_WARN_UNDECLARED_SELECTOR = YES;
				GCC_WARN_UNINITIALIZED_AUTOS = YES_AGGRESSIVE;
				GCC_WARN_UNUSED_FUNCTION = YES;
				GCC_WARN_UNUSED_VARIABLE = YES;
				IPHONEOS_DEPLOYMENT_TARGET = 9.3;
				MTL_ENABLE_DEBUG_INFO = YES;
				ONLY_ACTIVE_ARCH = YES;
				SDKROOT = iphoneos;
				SWIFT_OPTIMIZATION_LEVEL = "-Onone";
			};
			name = Debug;
		};
		D8B578951CCAA30000B9CA48 /* Release */ = {
			isa = XCBuildConfiguration;
			buildSettings = {
				ALWAYS_SEARCH_USER_PATHS = NO;
				CLANG_ANALYZER_NONNULL = YES;
				CLANG_CXX_LANGUAGE_STANDARD = "gnu++0x";
				CLANG_CXX_LIBRARY = "libc++";
				CLANG_ENABLE_MODULES = YES;
				CLANG_ENABLE_OBJC_ARC = YES;
				CLANG_WARN_BOOL_CONVERSION = YES;
				CLANG_WARN_CONSTANT_CONVERSION = YES;
				CLANG_WARN_DIRECT_OBJC_ISA_USAGE = YES_ERROR;
				CLANG_WARN_EMPTY_BODY = YES;
				CLANG_WARN_ENUM_CONVERSION = YES;
				CLANG_WARN_INT_CONVERSION = YES;
				CLANG_WARN_OBJC_ROOT_CLASS = YES_ERROR;
				CLANG_WARN_UNREACHABLE_CODE = YES;
				CLANG_WARN__DUPLICATE_METHOD_MATCH = YES;
				"CODE_SIGN_IDENTITY[sdk=iphoneos*]" = "iPhone Developer";
				COPY_PHASE_STRIP = NO;
				DEBUG_INFORMATION_FORMAT = "dwarf-with-dsym";
				ENABLE_NS_ASSERTIONS = NO;
				ENABLE_STRICT_OBJC_MSGSEND = YES;
				GCC_C_LANGUAGE_STANDARD = gnu99;
				GCC_NO_COMMON_BLOCKS = YES;
				GCC_WARN_64_TO_32_BIT_CONVERSION = YES;
				GCC_WARN_ABOUT_RETURN_TYPE = YES_ERROR;
				GCC_WARN_UNDECLARED_SELECTOR = YES;
				GCC_WARN_UNINITIALIZED_AUTOS = YES_AGGRESSIVE;
				GCC_WARN_UNUSED_FUNCTION = YES;
				GCC_WARN_UNUSED_VARIABLE = YES;
				IPHONEOS_DEPLOYMENT_TARGET = 9.3;
				MTL_ENABLE_DEBUG_INFO = NO;
				SDKROOT = iphoneos;
				VALIDATE_PRODUCT = YES;
			};
			name = Release;
		};
		D8B578971CCAA30000B9CA48 /* Debug */ = {
			isa = XCBuildConfiguration;
			buildSettings = {
				ASSETCATALOG_COMPILER_APPICON_NAME = AppIcon;
				INFOPLIST_FILE = favouritePlaces/Info.plist;
				LD_RUNPATH_SEARCH_PATHS = "$(inherited) @executable_path/Frameworks";
				PRODUCT_BUNDLE_IDENTIFIER = com.adityamaru.favouritePlaces;
				PRODUCT_NAME = "$(TARGET_NAME)";
			};
			name = Debug;
		};
		D8B578981CCAA30000B9CA48 /* Release */ = {
			isa = XCBuildConfiguration;
			buildSettings = {
				ASSETCATALOG_COMPILER_APPICON_NAME = AppIcon;
				INFOPLIST_FILE = favouritePlaces/Info.plist;
				LD_RUNPATH_SEARCH_PATHS = "$(inherited) @executable_path/Frameworks";
				PRODUCT_BUNDLE_IDENTIFIER = com.adityamaru.favouritePlaces;
				PRODUCT_NAME = "$(TARGET_NAME)";
			};
			name = Release;
		};
/* End XCBuildConfiguration section */

/* Begin XCConfigurationList section */
		D8B5787F1CCAA30000B9CA48 /* Build configuration list for PBXProject "favouritePlaces" */ = {
			isa = XCConfigurationList;
			buildConfigurations = (
				D8B578941CCAA30000B9CA48 /* Debug */,
				D8B578951CCAA30000B9CA48 /* Release */,
			);
			defaultConfigurationIsVisible = 0;
			defaultConfigurationName = Release;
		};
		D8B578961CCAA30000B9CA48 /* Build configuration list for PBXNativeTarget "favouritePlaces" */ = {
			isa = XCConfigurationList;
			buildConfigurations = (
				D8B578971CCAA30000B9CA48 /* Debug */,
				D8B578981CCAA30000B9CA48 /* Release */,
			);
			defaultConfigurationIsVisible = 0;
		};
/* End XCConfigurationList section */
	};
	rootObject = D8B5787C1CCAA30000B9CA48 /* Project object */;
}
